
Microsoft Visual Studio Solution File, Format Version 12.00
# Visual Studio Version 17
VisualStudioVersion = 17.11.35312.102
MinimumVisualStudioVersion = 10.0.40219.1
Project("{FAE04EC0-301F-11D3-BF4B-00C04F79EFBC}") = "RPGchyba", "RPGchyba\RPGchyba.csproj", "{5BA09F8C-8BCE-48B9-AFF0-C9FB86422852}"
EndProject
Global
	GlobalSection(SolutionConfigurationPlatforms) = preSolution
		Debug|Any CPU = Debug|Any CPU
		Release|Any CPU = Release|Any CPU
	EndGlobalSection
	GlobalSection(ProjectConfigurationPlatforms) = postSolution
		{5BA09F8C-8BCE-48B9-AFF0-C9FB86422852}.Debug|Any CPU.ActiveCfg = Debug|Any CPU
		{5BA09F8C-8BCE-48B9-AFF0-C9FB86422852}.Debug|Any CPU.Build.0 = Debug|Any CPU
		{5BA09F8C-8BCE-48B9-AFF0-C9FB86422852}.Release|Any CPU.ActiveCfg = Release|Any CPU
		{5BA09F8C-8BCE-48B9-AFF0-C9FB86422852}.Release|Any CPU.Build.0 = Release|Any CPU
	EndGlobalSection
	GlobalSection(SolutionProperties) = preSolution
		HideSolutionNode = FALSE
	EndGlobalSection
	GlobalSection(ExtensibilityGlobals) = postSolution
		SolutionGuid = {59A66F51-AC2F-4DCF-8DC7-A938A04F661D}
	EndGlobalSection
EndGlobal
